// !$*UTF8*$!
{
	archiveVersion = 1;
	classes = {
	};
	objectVersion = 77;
	objects = {

/* Begin PBXContainerItemProxy section */
		7D469E412DD77BAE00589650 /* PBXContainerItemProxy */ = {
			isa = PBXContainerItemProxy;
			containerPortal = 7D469E272DD77BAD00589650 /* Project object */;
			proxyType = 1;
			remoteGlobalIDString = 7D469E2E2DD77BAD00589650;
			remoteInfo = decaf;
		};
		7D469E4B2DD77BAE00589650 /* PBXContainerItemProxy */ = {
			isa = PBXContainerItemProxy;
			containerPortal = 7D469E272DD77BAD00589650 /* Project object */;
			proxyType = 1;
			remoteGlobalIDString = 7D469E2E2DD77BAD00589650;
			remoteInfo = decaf;
		};
/* End PBXContainerItemProxy section */

/* Begin PBXFileReference section */
		7D469E2F2DD77BAD00589650 /* decaf.app */ = {isa = PBXFileReference; explicitFileType = wrapper.application; includeInIndex = 0; path = decaf.app; sourceTree = BUILT_PRODUCTS_DIR; };
		7D469E402DD77BAE00589650 /* decafTests.xctest */ = {isa = PBXFileReference; explicitFileType = wrapper.cfbundle; includeInIndex = 0; path = decafTests.xctest; sourceTree = BUILT_PRODUCTS_DIR; };
		7D469E4A2DD77BAE00589650 /* decafUITests.xctest */ = {isa = PBXFileReference; explicitFileType = wrapper.cfbundle; includeInIndex = 0; path = decafUITests.xctest; sourceTree = BUILT_PRODUCTS_DIR; };
/* End PBXFileReference section */

/* Begin PBXFileSystemSynchronizedRootGroup section */
		7D469E312DD77BAD00589650 /* decaf */ = {
			isa = PBXFileSystemSynchronizedRootGroup;
			path = decaf;
			sourceTree = "<group>";
		};
		7D469E432DD77BAE00589650 /* decafTests */ = {
			isa = PBXFileSystemSynchronizedRootGroup;
			path = decafTests;
			sourceTree = "<group>";
		};
		7D469E4D2DD77BAE00589650 /* decafUITests */ = {
			isa = PBXFileSystemSynchronizedRootGroup;
			path = decafUITests;
			sourceTree = "<group>";
		};
/* End PBXFileSystemSynchronizedRootGroup section */

/* Begin PBXFrameworksBuildPhase section */
		7D469E2C2DD77BAD00589650 /* Frameworks */ = {
			isa = PBXFrameworksBuildPhase;
			buildActionMask = 2147483647;
			files = (
			);
			runOnlyForDeploymentPostprocessing = 0;
		};
		7D469E3D2DD77BAE00589650 /* Frameworks */ = {
			isa = PBXFrameworksBuildPhase;
			buildActionMask = 2147483647;
			files = (
			);
			runOnlyForDeploymentPostprocessing = 0;
		};
		7D469E472DD77BAE00589650 /* Frameworks */ = {
			isa = PBXFrameworksBuildPhase;
			buildActionMask = 2147483647;
			files = (
			);
			runOnlyForDeploymentPostprocessing = 0;
		};
/* End PBXFrameworksBuildPhase section */

/* Begin PBXGroup section */
		7D469E262DD77BAD00589650 = {
			isa = PBXGroup;
			children = (
				7D469E312DD77BAD00589650 /* decaf */,
				7D469E432DD77BAE00589650 /* decafTests */,
				7D469E4D2DD77BAE00589650 /* decafUITests */,
				7D469E302DD77BAD00589650 /* Products */,
			);
			sourceTree = "<group>";
		};
		7D469E302DD77BAD00589650 /* Products */ = {
			isa = PBXGroup;
			children = (
				7D469E2F2DD77BAD00589650 /* decaf.app */,
				7D469E402DD77BAE00589650 /* decafTests.xctest */,
				7D469E4A2DD77BAE00589650 /* decafUITests.xctest */,
			);
			name = Products;
			sourceTree = "<group>";
		};
/* End PBXGroup section */

/* Begin PBXNativeTarget section */
		7D469E2E2DD77BAD00589650 /* decaf */ = {
			isa = PBXNativeTarget;
			buildConfigurationList = 7D469E542DD77BAE00589650 /* Build configuration list for PBXNativeTarget "decaf" */;
			buildPhases = (
				7D469E2B2DD77BAD00589650 /* Sources */,
				7D469E2C2DD77BAD00589650 /* Frameworks */,
				7D469E2D2DD77BAD00589650 /* Resources */,
			);
			buildRules = (
			);
			dependencies = (
			);
			fileSystemSynchronizedGroups = (
				7D469E312DD77BAD00589650 /* decaf */,
			);
			name = decaf;
			packageProductDependencies = (
			);
			productName = decaf;
			productReference = 7D469E2F2DD77BAD00589650 /* decaf.app */;
			productType = "com.apple.product-type.application";
		};
		7D469E3F2DD77BAE00589650 /* decafTests */ = {
			isa = PBXNativeTarget;
			buildConfigurationList = 7D469E572DD77BAE00589650 /* Build configuration list for PBXNativeTarget "decafTests" */;
			buildPhases = (
				7D469E3C2DD77BAE00589650 /* Sources */,
				7D469E3D2DD77BAE00589650 /* Frameworks */,
				7D469E3E2DD77BAE00589650 /* Resources */,
			);
			buildRules = (
			);
			dependencies = (
				7D469E422DD77BAE00589650 /* PBXTargetDependency */,
			);
			fileSystemSynchronizedGroups = (
				7D469E432DD77BAE00589650 /* decafTests */,
			);
			name = decafTests;
			packageProductDependencies = (
			);
			productName = decafTests;
			productReference = 7D469E402DD77BAE00589650 /* decafTests.xctest */;
			productType = "com.apple.product-type.bundle.unit-test";
		};
		7D469E492DD77BAE00589650 /* decafUITests */ = {
			isa = PBXNativeTarget;
			buildConfigurationList = 7D469E5A2DD77BAE00589650 /* Build configuration list for PBXNativeTarget "decafUITests" */;
			buildPhases = (
				7D469E462DD77BAE00589650 /* Sources */,
				7D469E472DD77BAE00589650 /* Frameworks */,
				7D469E482DD77BAE00589650 /* Resources */,
			);
			buildRules = (
			);
			dependencies = (
				7D469E4C2DD77BAE00589650 /* PBXTargetDependency */,
			);
			fileSystemSynchronizedGroups = (
				7D469E4D2DD77BAE00589650 /* decafUITests */,
			);
			name = decafUITests;
			packageProductDependencies = (
			);
			productName = decafUITests;
			productReference = 7D469E4A2DD77BAE00589650 /* decafUITests.xctest */;
			productType = "com.apple.product-type.bundle.ui-testing";
		};
/* End PBXNativeTarget section */

/* Begin PBXProject section */
		7D469E272DD77BAD00589650 /* Project object */ = {
			isa = PBXProject;
			attributes = {
				BuildIndependentTargetsInParallel = 1;
				LastSwiftUpdateCheck = 1630;
				LastUpgradeCheck = 1630;
				TargetAttributes = {
					7D469E2E2DD77BAD00589650 = {
						CreatedOnToolsVersion = 16.3;
					};
					7D469E3F2DD77BAE00589650 = {
						CreatedOnToolsVersion = 16.3;
						TestTargetID = 7D469E2E2DD77BAD00589650;
					};
					7D469E492DD77BAE00589650 = {
						CreatedOnToolsVersion = 16.3;
						TestTargetID = 7D469E2E2DD77BAD00589650;
					};
				};
			};
			buildConfigurationList = 7D469E2A2DD77BAD00589650 /* Build configuration list for PBXProject "decaf" */;
			developmentRegion = en;
			hasScannedForEncodings = 0;
			knownRegions = (
				en,
				Base,
			);
			mainGroup = 7D469E262DD77BAD00589650;
			minimizedProjectReferenceProxies = 1;
			preferredProjectObjectVersion = 77;
			productRefGroup = 7D469E302DD77BAD00589650 /* Products */;
			projectDirPath = "";
			projectRoot = "";
			targets = (
				7D469E2E2DD77BAD00589650 /* decaf */,
				7D469E3F2DD77BAE00589650 /* decafTests */,
				7D469E492DD77BAE00589650 /* decafUITests */,
			);
		};
/* End PBXProject section */

/* Begin PBXResourcesBuildPhase section */
		7D469E2D2DD77BAD00589650 /* Resources */ = {
			isa = PBXResourcesBuildPhase;
			buildActionMask = 2147483647;
			files = (
			);
			runOnlyForDeploymentPostprocessing = 0;
		};
		7D469E3E2DD77BAE00589650 /* Resources */ = {
			isa = PBXResourcesBuildPhase;
			buildActionMask = 2147483647;
			files = (
			);
			runOnlyForDeploymentPostprocessing = 0;
		};
		7D469E482DD77BAE00589650 /* Resources */ = {
			isa = PBXResourcesBuildPhase;
			buildActionMask = 2147483647;
			files = (
			);
			runOnlyForDeploymentPostprocessing = 0;
		};
/* End PBXResourcesBuildPhase section */

/* Begin PBXSourcesBuildPhase section */
		7D469E2B2DD77BAD00589650 /* Sources */ = {
			isa = PBXSourcesBuildPhase;
			buildActionMask = 2147483647;
			files = (
			);
			runOnlyForDeploymentPostprocessing = 0;
		};
		7D469E3C2DD77BAE00589650 /* Sources */ = {
			isa = PBXSourcesBuildPhase;
			buildActionMask = 2147483647;
			files = (
			);
			runOnlyForDeploymentPostprocessing = 0;
		};
		7D469E462DD77BAE00589650 /* Sources */ = {
			isa = PBXSourcesBuildPhase;
			buildActionMask = 2147483647;
			files = (
			);
			runOnlyForDeploymentPostprocessing = 0;
		};
/* End PBXSourcesBuildPhase section */

/* Begin PBXTargetDependency section */
		7D469E422DD77BAE00589650 /* PBXTargetDependency */ = {
			isa = PBXTargetDependency;
			target = 7D469E2E2DD77BAD00589650 /* decaf */;
			targetProxy = 7D469E412DD77BAE00589650 /* PBXContainerItemProxy */;
		};
		7D469E4C2DD77BAE00589650 /* PBXTargetDependency */ = {
			isa = PBXTargetDependency;
			target = 7D469E2E2DD77BAD00589650 /* decaf */;
			targetProxy = 7D469E4B2DD77BAE00589650 /* PBXContainerItemProxy */;
		};
/* End PBXTargetDependency section */

/* Begin XCBuildConfiguration section */
		7D469E522DD77BAE00589650 /* Debug */ = {
			isa = XCBuildConfiguration;
			buildSettings = {
				ALWAYS_SEARCH_USER_PATHS = NO;
				ASSETCATALOG_COMPILER_GENERATE_SWIFT_ASSET_SYMBOL_EXTENSIONS = YES;
				CLANG_ANALYZER_NONNULL = YES;
				CLANG_ANALYZER_NUMBER_OBJECT_CONVERSION = YES_AGGRESSIVE;
				CLANG_CXX_LANGUAGE_STANDARD = "gnu++20";
				CLANG_ENABLE_MODULES = YES;
				CLANG_ENABLE_OBJC_ARC = YES;
				CLANG_ENABLE_OBJC_WEAK = YES;
				CLANG_WARN_BLOCK_CAPTURE_AUTORELEASING = YES;
				CLANG_WARN_BOOL_CONVERSION = YES;
				CLANG_WARN_COMMA = YES;
				CLANG_WARN_CONSTANT_CONVERSION = YES;
				CLANG_WARN_DEPRECATED_OBJC_IMPLEMENTATIONS = YES;
				CLANG_WARN_DIRECT_OBJC_ISA_USAGE = YES_ERROR;
				CLANG_WARN_DOCUMENTATION_COMMENTS = YES;
				CLANG_WARN_EMPTY_BODY = YES;
				CLANG_WARN_ENUM_CONVERSION = YES;
				CLANG_WARN_INFINITE_RECURSION = YES;
				CLANG_WARN_INT_CONVERSION = YES;
				CLANG_WARN_NON_LITERAL_NULL_CONVERSION = YES;
				CLANG_WARN_OBJC_IMPLICIT_RETAIN_SELF = YES;
				CLANG_WARN_OBJC_LITERAL_CONVERSION = YES;
				CLANG_WARN_OBJC_ROOT_CLASS = YES_ERROR;
				CLANG_WARN_QUOTED_INCLUDE_IN_FRAMEWORK_HEADER = YES;
				CLANG_WARN_RANGE_LOOP_ANALYSIS = YES;
				CLANG_WARN_STRICT_PROTOTYPES = YES;
				CLANG_WARN_SUSPICIOUS_MOVE = YES;
				CLANG_WARN_UNGUARDED_AVAILABILITY = YES_AGGRESSIVE;
				CLANG_WARN_UNREACHABLE_CODE = YES;
				CLANG_WARN__DUPLICATE_METHOD_MATCH = YES;
				COPY_PHASE_STRIP = NO;
				DEBUG_INFORMATION_FORMAT = dwarf;
				ENABLE_STRICT_OBJC_MSGSEND = YES;
				ENABLE_TESTABILITY = YES;
				ENABLE_USER_SCRIPT_SANDBOXING = YES;
				GCC_C_LANGUAGE_STANDARD = gnu17;
				GCC_DYNAMIC_NO_PIC = NO;
				GCC_NO_COMMON_BLOCKS = YES;
				GCC_OPTIMIZATION_LEVEL = 0;
				GCC_PREPROCESSOR_DEFINITIONS = (
					"DEBUG=1",
					"$(inherited)",
				);
				GCC_WARN_64_TO_32_BIT_CONVERSION = YES;
				GCC_WARN_ABOUT_RETURN_TYPE = YES_ERROR;
				GCC_WARN_UNDECLARED_SELECTOR = YES;
				GCC_WARN_UNINITIALIZED_AUTOS = YES_AGGRESSIVE;
				GCC_WARN_UNUSED_FUNCTION = YES;
				GCC_WARN_UNUSED_VARIABLE = YES;
				LOCALIZATION_PREFERS_STRING_CATALOGS = YES;
				MACOSX_DEPLOYMENT_TARGET = 15.4;
				MTL_ENABLE_DEBUG_INFO = INCLUDE_SOURCE;
				MTL_FAST_MATH = YES;
				ONLY_ACTIVE_ARCH = YES;
				SDKROOT = macosx;
				SWIFT_ACTIVE_COMPILATION_CONDITIONS = "DEBUG $(inherited)";
				SWIFT_OPTIMIZATION_LEVEL = "-Onone";
			};
			name = Debug;
		};
		7D469E532DD77BAE00589650 /* Release */ = {
			isa = XCBuildConfiguration;
			buildSettings = {
				ALWAYS_SEARCH_USER_PATHS = NO;
				ASSETCATALOG_COMPILER_GENERATE_SWIFT_ASSET_SYMBOL_EXTENSIONS = YES;
				CLANG_ANALYZER_NONNULL = YES;
				CLANG_ANALYZER_NUMBER_OBJECT_CONVERSION = YES_AGGRESSIVE;
				CLANG_CXX_LANGUAGE_STANDARD = "gnu++20";
				CLANG_ENABLE_MODULES = YES;
				CLANG_ENABLE_OBJC_ARC = YES;
				CLANG_ENABLE_OBJC_WEAK = YES;
				CLANG_WARN_BLOCK_CAPTURE_AUTORELEASING = YES;
				CLANG_WARN_BOOL_CONVERSION = YES;
				CLANG_WARN_COMMA = YES;
				CLANG_WARN_CONSTANT_CONVERSION = YES;
				CLANG_WARN_DEPRECATED_OBJC_IMPLEMENTATIONS = YES;
				CLANG_WARN_DIRECT_OBJC_ISA_USAGE = YES_ERROR;
				CLANG_WARN_DOCUMENTATION_COMMENTS = YES;
				CLANG_WARN_EMPTY_BODY = YES;
				CLANG_WARN_ENUM_CONVERSION = YES;
				CLANG_WARN_INFINITE_RECURSION = YES;
				CLANG_WARN_INT_CONVERSION = YES;
				CLANG_WARN_NON_LITERAL_NULL_CONVERSION = YES;
				CLANG_WARN_OBJC_IMPLICIT_RETAIN_SELF = YES;
				CLANG_WARN_OBJC_LITERAL_CONVERSION = YES;
				CLANG_WARN_OBJC_ROOT_CLASS = YES_ERROR;
				CLANG_WARN_QUOTED_INCLUDE_IN_FRAMEWORK_HEADER = YES;
				CLANG_WARN_RANGE_LOOP_ANALYSIS = YES;
				CLANG_WARN_STRICT_PROTOTYPES = YES;
				CLANG_WARN_SUSPICIOUS_MOVE = YES;
				CLANG_WARN_UNGUARDED_AVAILABILITY = YES_AGGRESSIVE;
				CLANG_WARN_UNREACHABLE_CODE = YES;
				CLANG_WARN__DUPLICATE_METHOD_MATCH = YES;
				COPY_PHASE_STRIP = NO;
				DEBUG_INFORMATION_FORMAT = "dwarf-with-dsym";
				ENABLE_NS_ASSERTIONS = NO;
				ENABLE_STRICT_OBJC_MSGSEND = YES;
				ENABLE_USER_SCRIPT_SANDBOXING = YES;
				GCC_C_LANGUAGE_STANDARD = gnu17;
				GCC_NO_COMMON_BLOCKS = YES;
				GCC_WARN_64_TO_32_BIT_CONVERSION = YES;
				GCC_WARN_ABOUT_RETURN_TYPE = YES_ERROR;
				GCC_WARN_UNDECLARED_SELECTOR = YES;
				GCC_WARN_UNINITIALIZED_AUTOS = YES_AGGRESSIVE;
				GCC_WARN_UNUSED_FUNCTION = YES;
				GCC_WARN_UNUSED_VARIABLE = YES;
				LOCALIZATION_PREFERS_STRING_CATALOGS = YES;
				MACOSX_DEPLOYMENT_TARGET = 15.4;
				MTL_ENABLE_DEBUG_INFO = NO;
				MTL_FAST_MATH = YES;
				SDKROOT = macosx;
				SWIFT_COMPILATION_MODE = wholemodule;
			};
			name = Release;
		};
		7D469E552DD77BAE00589650 /* Debug */ = {
			isa = XCBuildConfiguration;
			buildSettings = {
				ASSETCATALOG_COMPILER_APPICON_NAME = AppIcon;
				ASSETCATALOG_COMPILER_GLOBAL_ACCENT_COLOR_NAME = AccentColor;
				CODE_SIGN_ENTITLEMENTS = decaf/decaf.entitlements;
				CODE_SIGN_STYLE = Automatic;
				COMBINE_HIDPI_IMAGES = YES;
				CURRENT_PROJECT_VERSION = 1;
				GENERATE_INFOPLIST_FILE = YES;
				INFOPLIST_KEY_LSUIElement = YES;
				INFOPLIST_KEY_NSHumanReadableCopyright = "";
				INFOPLIST_KEY_NSMainStoryboardFile = Main;
				INFOPLIST_KEY_NSPrincipalClass = NSApplication;
				LD_RUNPATH_SEARCH_PATHS = (
					"$(inherited)",
					"@executable_path/../Frameworks",
				);
				MARKETING_VERSION = 1.0;
				PRODUCT_BUNDLE_IDENTIFIER = eyushin.decaf;
				PRODUCT_NAME = "$(TARGET_NAME)";
				REGISTER_APP_GROUPS = YES;
				SWIFT_EMIT_LOC_STRINGS = YES;
				SWIFT_VERSION = 5.0;
			};
			name = Debug;
		};
		7D469E562DD77BAE00589650 /* Release */ = {
			isa = XCBuildConfiguration;
			buildSettings = {
				ASSETCATALOG_COMPILER_APPICON_NAME = AppIcon;
				ASSETCATALOG_COMPILER_GLOBAL_ACCENT_COLOR_NAME = AccentColor;
				CODE_SIGN_ENTITLEMENTS = decaf/decaf.entitlements;
				CODE_SIGN_STYLE = Automatic;
				COMBINE_HIDPI_IMAGES = YES;
				CURRENT_PROJECT_VERSION = 1;
				GENERATE_INFOPLIST_FILE = YES;
				INFOPLIST_KEY_LSUIElement = YES;
				INFOPLIST_KEY_NSHumanReadableCopyright = "";
				INFOPLIST_KEY_NSMainStoryboardFile = Main;
				INFOPLIST_KEY_NSPrincipalClass = NSApplication;
				LD_RUNPATH_SEARCH_PATHS = (
					"$(inherited)",
					"@executable_path/../Frameworks",
				);
				MARKETING_VERSION = 1.0;
				PRODUCT_BUNDLE_IDENTIFIER = eyushin.decaf;
				PRODUCT_NAME = "$(TARGET_NAME)";
				REGISTER_APP_GROUPS = YES;
				SWIFT_EMIT_LOC_STRINGS = YES;
				SWIFT_VERSION = 5.0;
			};
			name = Release;
		};
		7D469E582DD77BAE00589650 /* Debug */ = {
			isa = XCBuildConfiguration;
			buildSettings = {
				BUNDLE_LOADER = "$(TEST_HOST)";
				CODE_SIGN_STYLE = Automatic;
				CURRENT_PROJECT_VERSION = 1;
				GENERATE_INFOPLIST_FILE = YES;
				MACOSX_DEPLOYMENT_TARGET = 15.4;
				MARKETING_VERSION = 1.0;
				PRODUCT_BUNDLE_IDENTIFIER = eyushin.decafTests;
				PRODUCT_NAME = "$(TARGET_NAME)";
				SWIFT_EMIT_LOC_STRINGS = NO;
				SWIFT_VERSION = 5.0;
				TEST_HOST = "$(BUILT_PRODUCTS_DIR)/decaf.app/$(BUNDLE_EXECUTABLE_FOLDER_PATH)/decaf";
			};
			name = Debug;
		};
		7D469E592DD77BAE00589650 /* Release */ = {
			isa = XCBuildConfiguration;
			buildSettings = {
				BUNDLE_LOADER = "$(TEST_HOST)";
				CODE_SIGN_STYLE = Automatic;
				CURRENT_PROJECT_VERSION = 1;
				GENERATE_INFOPLIST_FILE = YES;
				MACOSX_DEPLOYMENT_TARGET = 15.4;
				MARKETING_VERSION = 1.0;
				PRODUCT_BUNDLE_IDENTIFIER = eyushin.decafTests;
				PRODUCT_NAME = "$(TARGET_NAME)";
				SWIFT_EMIT_LOC_STRINGS = NO;
				SWIFT_VERSION = 5.0;
				TEST_HOST = "$(BUILT_PRODUCTS_DIR)/decaf.app/$(BUNDLE_EXECUTABLE_FOLDER_PATH)/decaf";
			};
			name = Release;
		};
		7D469E5B2DD77BAE00589650 /* Debug */ = {
			isa = XCBuildConfiguration;
			buildSettings = {
				CODE_SIGN_STYLE = Automatic;
				CURRENT_PROJECT_VERSION = 1;
				GENERATE_INFOPLIST_FILE = YES;
				MARKETING_VERSION = 1.0;
				PRODUCT_BUNDLE_IDENTIFIER = eyushin.decafUITests;
				PRODUCT_NAME = "$(TARGET_NAME)";
				SWIFT_EMIT_LOC_STRINGS = NO;
				SWIFT_VERSION = 5.0;
				TEST_TARGET_NAME = decaf;
			};
			name = Debug;
		};
		7D469E5C2DD77BAE00589650 /* Release */ = {
			isa = XCBuildConfiguration;
			buildSettings = {
				CODE_SIGN_STYLE = Automatic;
				CURRENT_PROJECT_VERSION = 1;
				GENERATE_INFOPLIST_FILE = YES;
				MARKETING_VERSION = 1.0;
				PRODUCT_BUNDLE_IDENTIFIER = eyushin.decafUITests;
				PRODUCT_NAME = "$(TARGET_NAME)";
				SWIFT_EMIT_LOC_STRINGS = NO;
				SWIFT_VERSION = 5.0;
				TEST_TARGET_NAME = decaf;
			};
			name = Release;
		};
/* End XCBuildConfiguration section */

/* Begin XCConfigurationList section */
		7D469E2A2DD77BAD00589650 /* Build configuration list for PBXProject "decaf" */ = {
			isa = XCConfigurationList;
			buildConfigurations = (
				7D469E522DD77BAE00589650 /* Debug */,
				7D469E532DD77BAE00589650 /* Release */,
			);
			defaultConfigurationIsVisible = 0;
			defaultConfigurationName = Release;
		};
		7D469E542DD77BAE00589650 /* Build configuration list for PBXNativeTarget "decaf" */ = {
			isa = XCConfigurationList;
			buildConfigurations = (
				7D469E552DD77BAE00589650 /* Debug */,
				7D469E562DD77BAE00589650 /* Release */,
			);
			defaultConfigurationIsVisible = 0;
			defaultConfigurationName = Release;
		};
		7D469E572DD77BAE00589650 /* Build configuration list for PBXNativeTarget "decafTests" */ = {
			isa = XCConfigurationList;
			buildConfigurations = (
				7D469E582DD77BAE00589650 /* Debug */,
				7D469E592DD77BAE00589650 /* Release */,
			);
			defaultConfigurationIsVisible = 0;
			defaultConfigurationName = Release;
		};
		7D469E5A2DD77BAE00589650 /* Build configuration list for PBXNativeTarget "decafUITests" */ = {
			isa = XCConfigurationList;
			buildConfigurations = (
				7D469E5B2DD77BAE00589650 /* Debug */,
				7D469E5C2DD77BAE00589650 /* Release */,
			);
			defaultConfigurationIsVisible = 0;
			defaultConfigurationName = Release;
		};
/* End XCConfigurationList section */
	};
	rootObject = 7D469E272DD77BAD00589650 /* Project object */;
}
